
Microsoft Visual Studio Solution File, Format Version 12.00
# Visual Studio 15
VisualStudioVersion = 15.0.27130.2024
MinimumVisualStudioVersion = 10.0.40219.1
Project("{FAE04EC0-301F-11D3-BF4B-00C04F79EFBC}") = "ISA", "ISA\ISA.csproj", "{345B5C76-9E07-40FC-9B5E-5DFE38391F9A}"
EndProject
Project("{FAE04EC0-301F-11D3-BF4B-00C04F79EFBC}") = "ISA.DataAccess", "ISA.DataAccess\ISA.DataAccess.csproj", "{40CB684A-F4DD-47A9-AE9E-B84F19B00E42}"
EndProject
Project("{FAE04EC0-301F-11D3-BF4B-00C04F79EFBC}") = "ISA.Common", "ISA.Common\ISA.Common.csproj", "{B9591E85-8549-44D1-AE3A-DFC934986B8D}"
EndProject
Global
	GlobalSection(SolutionConfigurationPlatforms) = preSolution
		Debug|Any CPU = Debug|Any CPU
		Release|Any CPU = Release|Any CPU
	EndGlobalSection
	GlobalSection(ProjectConfigurationPlatforms) = postSolution
		{345B5C76-9E07-40FC-9B5E-5DFE38391F9A}.Debug|Any CPU.ActiveCfg = Debug|Any CPU
		{345B5C76-9E07-40FC-9B5E-5DFE38391F9A}.Debug|Any CPU.Build.0 = Debug|Any CPU
		{345B5C76-9E07-40FC-9B5E-5DFE38391F9A}.Release|Any CPU.ActiveCfg = Release|Any CPU
		{345B5C76-9E07-40FC-9B5E-5DFE38391F9A}.Release|Any CPU.Build.0 = Release|Any CPU
		{40CB684A-F4DD-47A9-AE9E-B84F19B00E42}.Debug|Any CPU.ActiveCfg = Debug|Any CPU
		{40CB684A-F4DD-47A9-AE9E-B84F19B00E42}.Debug|Any CPU.Build.0 = Debug|Any CPU
		{40CB684A-F4DD-47A9-AE9E-B84F19B00E42}.Release|Any CPU.ActiveCfg = Release|Any CPU
		{40CB684A-F4DD-47A9-AE9E-B84F19B00E42}.Release|Any CPU.Build.0 = Release|Any CPU
		{B9591E85-8549-44D1-AE3A-DFC934986B8D}.Debug|Any CPU.ActiveCfg = Debug|Any CPU
		{B9591E85-8549-44D1-AE3A-DFC934986B8D}.Debug|Any CPU.Build.0 = Debug|Any CPU
		{B9591E85-8549-44D1-AE3A-DFC934986B8D}.Release|Any CPU.ActiveCfg = Release|Any CPU
		{B9591E85-8549-44D1-AE3A-DFC934986B8D}.Release|Any CPU.Build.0 = Release|Any CPU
	EndGlobalSection
	GlobalSection(SolutionProperties) = preSolution
		HideSolutionNode = FALSE
	EndGlobalSection
	GlobalSection(ExtensibilityGlobals) = postSolution
		SolutionGuid = {4923C6C0-A33F-4DA7-BE9B-FFEC1D0026B9}
	EndGlobalSection
EndGlobal
