
Microsoft Visual Studio Solution File, Format Version 12.00
# Visual Studio 15
VisualStudioVersion = 15.0.26730.12
MinimumVisualStudioVersion = 10.0.40219.1
Project("{9A19103F-16F7-4668-BE54-9A1E7A4F7556}") = "ISA", "ISA\ISA.csproj", "{982B866D-8805-4238-9F07-0A1118493CDD}"
EndProject
Project("{FAE04EC0-301F-11D3-BF4B-00C04F79EFBC}") = "ISA.DataModels", "ISA.DataModels\ISA.DataModels.csproj", "{E32D620F-9C82-464A-B1CA-207B93C17D8E}"
EndProject
Global
	GlobalSection(SolutionConfigurationPlatforms) = preSolution
		Debug|Any CPU = Debug|Any CPU
		Release|Any CPU = Release|Any CPU
	EndGlobalSection
	GlobalSection(ProjectConfigurationPlatforms) = postSolution
		{982B866D-8805-4238-9F07-0A1118493CDD}.Debug|Any CPU.ActiveCfg = Debug|Any CPU
		{982B866D-8805-4238-9F07-0A1118493CDD}.Debug|Any CPU.Build.0 = Debug|Any CPU
		{982B866D-8805-4238-9F07-0A1118493CDD}.Release|Any CPU.ActiveCfg = Release|Any CPU
		{982B866D-8805-4238-9F07-0A1118493CDD}.Release|Any CPU.Build.0 = Release|Any CPU
		{E32D620F-9C82-464A-B1CA-207B93C17D8E}.Debug|Any CPU.ActiveCfg = Debug|Any CPU
		{E32D620F-9C82-464A-B1CA-207B93C17D8E}.Debug|Any CPU.Build.0 = Debug|Any CPU
		{E32D620F-9C82-464A-B1CA-207B93C17D8E}.Release|Any CPU.ActiveCfg = Release|Any CPU
		{E32D620F-9C82-464A-B1CA-207B93C17D8E}.Release|Any CPU.Build.0 = Release|Any CPU
	EndGlobalSection
	GlobalSection(SolutionProperties) = preSolution
		HideSolutionNode = FALSE
	EndGlobalSection
	GlobalSection(ExtensibilityGlobals) = postSolution
		SolutionGuid = {A742081F-6255-4ECE-9A2F-06F893745E08}
	EndGlobalSection
EndGlobal
